<?xml version="1.0" encoding="utf-8"?>
<Project ToolsVersion="4.0" xmlns="http://schemas.microsoft.com/developer/msbuild/2003">
  <ItemGroup>
    <Filter Include="Game">
      <UniqueIdentifier>{8ab40bc7-1778-4d2a-bd66-0376288f7d03}</UniqueIdentifier>
    </Filter>
    <Filter Include="imgui">
      <UniqueIdentifier>{b3d3c500-3fad-486c-9251-51996df51398}</UniqueIdentifier>
    </Filter>
    <Filter Include="SrandEngine">
      <UniqueIdentifier>{82be2c74-873b-45b8-a73e-ed2b1679fedf}</UniqueIdentifier>
    </Filter>
    <Filter Include="SrandEngine\System Initializer">
      <UniqueIdentifier>{4724288d-d230-4ce3-a669-f6ae6f65454d}</UniqueIdentifier>
    </Filter>
    <Filter Include="SrandEngine\Renderer">
      <UniqueIdentifier>{e785493b-c120-454c-aa01-76651ccaad19}</UniqueIdentifier>
    </Filter>
    <Filter Include="SrandEngine\Entity">
      <UniqueIdentifier>{24d5bd54-53ac-444c-995d-059f5805a995}</UniqueIdentifier>
    </Filter>
    <Filter Include="SrandEngine\ECS">
      <UniqueIdentifier>{206a4e1d-11e6-4e5d-ac9d-7320da700d25}</UniqueIdentifier>
    </Filter>
    <Filter Include="SrandEngine\Manager">
      <UniqueIdentifier>{3da84be1-4d4f-45d6-a771-e709ece098d5}</UniqueIdentifier>
    </Filter>
    <Filter Include="SrandEngine\Input System">
      <UniqueIdentifier>{8f30e34c-d750-478a-abd6-8a4e29ba6aae}</UniqueIdentifier>
    </Filter>
    <Filter Include="SrandEngine\Scene">
      <UniqueIdentifier>{785de32e-eea5-44ce-8780-f794dd5d8e62}</UniqueIdentifier>
    </Filter>
    <Filter Include="Game\GameScene">
      <UniqueIdentifier>{36426191-e851-4e70-8d30-fff73d89abfb}</UniqueIdentifier>
    </Filter>
  </ItemGroup>
  <ItemGroup>
    <ClInclude Include="imgui\imconfig.h">
      <Filter>imgui</Filter>
    </ClInclude>
    <ClInclude Include="imgui\imgui.h">
      <Filter>imgui</Filter>
    </ClInclude>
    <ClInclude Include="imgui\imgui_internal.h">
      <Filter>imgui</Filter>
    </ClInclude>
    <ClInclude Include="imgui\imgui_impl_glfw.h">
      <Filter>imgui</Filter>
    </ClInclude>
    <ClInclude Include="imgui\imgui_impl_opengl3.h">
      <Filter>imgui</Filter>
    </ClInclude>
    <ClInclude Include="Entity\Button.h">
      <Filter>SrandEngine\Entity</Filter>
    </ClInclude>
    <ClInclude Include="Entity\Door.h">
      <Filter>SrandEngine\Entity</Filter>
    </ClInclude>
    <ClInclude Include="Entity\Elevator.h">
      <Filter>SrandEngine\Entity</Filter>
    </ClInclude>
    <ClInclude Include="Entity\NPC.h">
      <Filter>SrandEngine\Entity</Filter>
    </ClInclude>
    <ClInclude Include="ECS\Collision.h">
      <Filter>SrandEngine</Filter>
    </ClInclude>
    <ClInclude Include="Source\Camera.h">
      <Filter>SrandEngine</Filter>
    </ClInclude>
    <ClInclude Include="Source\Engine.h">
      <Filter>SrandEngine\System Initializer</Filter>
    </ClInclude>
    <ClInclude Include="Source\Shader.h">
      <Filter>SrandEngine\System Initializer</Filter>
    </ClInclude>
    <ClInclude Include="Source\Vertex.h">
      <Filter>SrandEngine\Renderer</Filter>
    </ClInclude>
    <ClInclude Include="Source\Vector2D.h">
      <Filter>SrandEngine\Renderer</Filter>
    </ClInclude>
    <ClInclude Include="Source\Mesh.h">
      <Filter>SrandEngine\Renderer</Filter>
    </ClInclude>
    <ClInclude Include="Source\TimeStep.h">
      <Filter>SrandEngine\System Initializer</Filter>
    </ClInclude>
    <ClInclude Include="ECS\Animator.h">
      <Filter>SrandEngine\ECS</Filter>
    </ClInclude>
    <ClInclude Include="ECS\BoxCollider2D.h">
      <Filter>SrandEngine\ECS</Filter>
    </ClInclude>
    <ClInclude Include="ECS\Component.h">
      <Filter>SrandEngine\ECS</Filter>
    </ClInclude>
    <ClInclude Include="ECS\ECS.h">
      <Filter>SrandEngine\ECS</Filter>
    </ClInclude>
    <ClInclude Include="ecspch.h">
      <Filter>SrandEngine\ECS</Filter>
    </ClInclude>
    <ClInclude Include="ECS\GameObject.h">
      <Filter>SrandEngine\ECS</Filter>
    </ClInclude>
    <ClInclude Include="ECS\RigidBody.h">
      <Filter>SrandEngine\ECS</Filter>
    </ClInclude>
    <ClInclude Include="ECS\Sprite.h">
      <Filter>SrandEngine\ECS</Filter>
    </ClInclude>
    <ClInclude Include="ECS\SpriteRenderer.h">
      <Filter>SrandEngine\ECS</Filter>
    </ClInclude>
    <ClInclude Include="ECS\TileSelector.h">
      <Filter>SrandEngine\ECS</Filter>
    </ClInclude>
    <ClInclude Include="ECS\Transform.h">
      <Filter>SrandEngine\ECS</Filter>
    </ClInclude>
    <ClInclude Include="Source\SceneManager.h">
      <Filter>SrandEngine\Manager</Filter>
    </ClInclude>
    <ClInclude Include="Source\EntityManager.h">
      <Filter>SrandEngine\Manager</Filter>
    </ClInclude>
    <ClInclude Include="Source\AssetManager.h">
      <Filter>SrandEngine\Manager</Filter>
    </ClInclude>
    <ClInclude Include="Source\Vector2D.h" />
    <ClInclude Include="Log.h">
      <Filter>SrandEngine</Filter>
    </ClInclude>
    <ClInclude Include="srpch.h">
      <Filter>SrandEngine</Filter>
    </ClInclude>
    <ClInclude Include="Source\Input.h">
      <Filter>SrandEngine\Input System</Filter>
    </ClInclude>
    <ClInclude Include="Source\KeyCode.h">
      <Filter>SrandEngine\Input System</Filter>
    </ClInclude>
    <ClInclude Include="Source\MouseButtonCode.h">
      <Filter>SrandEngine\Input System</Filter>
    </ClInclude>
    <ClInclude Include="Source\WindowsInput.h">
      <Filter>SrandEngine\Input System</Filter>
    </ClInclude>
    <ClInclude Include="Source\Scene.h">
      <Filter>SrandEngine\Scene</Filter>
    </ClInclude>
    <ClInclude Include="Game\Scenes\testing_scene.h">
      <Filter>Game\GameScene</Filter>
    </ClInclude>
  </ItemGroup>
  <ItemGroup>
    <ClCompile Include="imgui\imgui.cpp">
      <Filter>imgui</Filter>
    </ClCompile>
    <ClCompile Include="imgui\imgui_draw.cpp">
      <Filter>imgui</Filter>
    </ClCompile>
    <ClCompile Include="imgui\imgui_tables.cpp">
      <Filter>imgui</Filter>
    </ClCompile>
    <ClCompile Include="imgui\imgui_widgets.cpp">
      <Filter>imgui</Filter>
    </ClCompile>
    <ClCompile Include="imgui\imgui_demo.cpp">
      <Filter>imgui</Filter>
    </ClCompile>
    <ClCompile Include="imgui\imgui_impl_glfw.cpp">
      <Filter>imgui</Filter>
    </ClCompile>
    <ClCompile Include="imgui\imgui_impl_opengl3.cpp">
      <Filter>imgui</Filter>
    </ClCompile>
    <ClCompile Include="ECS\Collision.cpp">
      <Filter>SrandEngine</Filter>
    </ClCompile>
    <ClCompile Include="Source\Camera.cpp">
      <Filter>SrandEngine</Filter>
    </ClCompile>
    <ClCompile Include="Source\Engine.cpp">
      <Filter>SrandEngine\System Initializer</Filter>
    </ClCompile>
    <ClCompile Include="Source\Shader.cpp">
      <Filter>SrandEngine\System Initializer</Filter>
    </ClCompile>
    <ClCompile Include="Source\Vertex.cpp">
      <Filter>SrandEngine\Renderer</Filter>
    </ClCompile>
    <ClCompile Include="Source\TimeStep.cpp">
      <Filter>SrandEngine\System Initializer</Filter>
    </ClCompile>
    <ClCompile Include="Source\Application.cpp">
      <Filter>SrandEngine</Filter>
    </ClCompile>
    <ClCompile Include="Source\SceneManager.cpp">
      <Filter>SrandEngine\Manager</Filter>
    </ClCompile>
    <ClCompile Include="Source\EntityManager.cpp">
      <Filter>SrandEngine\Manager</Filter>
    </ClCompile>
    <ClCompile Include="Source\AssetManager.cpp">
      <Filter>SrandEngine\Manager</Filter>
    </ClCompile>
    <ClCompile Include="Log.cpp">
      <Filter>SrandEngine</Filter>
    </ClCompile>
    <ClCompile Include="Source\WindowsInput.cpp">
      <Filter>SrandEngine\Input System</Filter>
    </ClCompile>
    <ClCompile Include="Game\Scenes\testing_scene.cpp">
      <Filter>Game\GameScene</Filter>
    </ClCompile>
    <ClCompile Include="Source\Scene.cpp">
      <Filter>SrandEngine\Scene</Filter>
    </ClCompile>
  </ItemGroup>
</Project>