<?xml version="1.0" encoding="utf-8"?>
<Project ToolsVersion="4.0" xmlns="http://schemas.microsoft.com/developer/msbuild/2003">
  <ItemGroup>
    <Filter Include="Old Source">
      <UniqueIdentifier>{852a6f2a-fa73-49d5-bd7e-b08a07d817e5}</UniqueIdentifier>
    </Filter>
    <Filter Include="ECS">
      <UniqueIdentifier>{206a4e1d-11e6-4e5d-ac9d-7320da700d25}</UniqueIdentifier>
    </Filter>
    <Filter Include="ECS\Header File">
      <UniqueIdentifier>{ba9c9f99-f9bc-4d84-b2d9-af71eecc0202}</UniqueIdentifier>
    </Filter>
    <Filter Include="ECS\Source File">
      <UniqueIdentifier>{a35c2bbd-29ab-4ea2-8e00-9dfc680d2ffe}</UniqueIdentifier>
    </Filter>
    <Filter Include="Old Source\Header File">
      <UniqueIdentifier>{987e448f-27e1-43e5-892d-52ed73c32a25}</UniqueIdentifier>
    </Filter>
    <Filter Include="Old Source\Source File">
      <UniqueIdentifier>{0ed5becd-574b-489b-b493-5adf818ae552}</UniqueIdentifier>
    </Filter>
    <Filter Include="Asset Manager">
      <UniqueIdentifier>{9c3a07ee-b9a4-4ea2-90fd-dad35da0f8c7}</UniqueIdentifier>
    </Filter>
    <Filter Include="Asset Manager\Header File">
      <UniqueIdentifier>{a221fbf1-f1a9-47dc-914b-1ceeefea1f24}</UniqueIdentifier>
    </Filter>
    <Filter Include="Asset Manager\Source File">
      <UniqueIdentifier>{33a5dafd-eb8b-430b-aaa4-87e902bde448}</UniqueIdentifier>
    </Filter>
    <Filter Include="Game">
      <UniqueIdentifier>{8ab40bc7-1778-4d2a-bd66-0376288f7d03}</UniqueIdentifier>
    </Filter>
    <Filter Include="Game\Header File">
      <UniqueIdentifier>{91522728-915a-4643-afdc-49b2f0fdbd2f}</UniqueIdentifier>
    </Filter>
    <Filter Include="Game\Source FIle">
      <UniqueIdentifier>{ca40bbc0-2e05-43b0-a5e1-ee9b95494a41}</UniqueIdentifier>
    </Filter>
    <Filter Include="System File">
      <UniqueIdentifier>{82be2c74-873b-45b8-a73e-ed2b1679fedf}</UniqueIdentifier>
    </Filter>
    <Filter Include="System File\Header File">
      <UniqueIdentifier>{db700d8f-ea56-4a0a-ac54-fc4a280cbab2}</UniqueIdentifier>
    </Filter>
    <Filter Include="System File\Source File">
      <UniqueIdentifier>{18f860e2-f709-4cd2-be49-181b275b891d}</UniqueIdentifier>
    </Filter>
    <Filter Include="Entity">
      <UniqueIdentifier>{24d5bd54-53ac-444c-995d-059f5805a995}</UniqueIdentifier>
    </Filter>
  </ItemGroup>
  <ItemGroup>
    <ClInclude Include="Source\ECS.h">
      <Filter>ECS\Header File</Filter>
    </ClInclude>
    <ClInclude Include="Source\GameObject.h">
      <Filter>ECS\Header File</Filter>
    </ClInclude>
    <ClInclude Include="Source\Component.h">
      <Filter>ECS\Header File</Filter>
    </ClInclude>
    <ClInclude Include="Source\Transform.h">
      <Filter>ECS\Header File</Filter>
    </ClInclude>
    <ClInclude Include="Source\AssetManager.h">
      <Filter>ECS\Header File</Filter>
    </ClInclude>
    <ClInclude Include="Source\Engine.h">
      <Filter>System File\Header File</Filter>
    </ClInclude>
    <ClInclude Include="Source\SpriteRenderer.h">
      <Filter>ECS\Header File</Filter>
    </ClInclude>
    <ClInclude Include="Source\Shader.h">
      <Filter>System File\Header File</Filter>
    </ClInclude>
    <ClInclude Include="Source\Vertex.h">
      <Filter>System File\Header File</Filter>
    </ClInclude>
    <ClInclude Include="Source\Mesh.h">
      <Filter>System File\Header File</Filter>
    </ClInclude>
    <ClInclude Include="Source\Vector2D.h">
      <Filter>System File\Header File</Filter>
    </ClInclude>
    <ClInclude Include="Source\SpriteRenderer.h">
      <Filter>ECS\Header File</Filter>
    </ClInclude>
    <ClInclude Include="Source\Vector2D.h">
      <Filter>ECS\Header File</Filter>
    </ClInclude>
    <ClInclude Include="Source\EntityManager.h">
      <Filter>ECS\Header File</Filter>
    </ClInclude>
    <ClInclude Include="Source\RigidBody.h">
      <Filter>ECS\Header File</Filter>
    </ClInclude>
    <ClInclude Include="Source\Camera.h">
      <Filter>System File\Header File</Filter>
    </ClInclude>
    <ClInclude Include="Source\Animator.h">
      <Filter>ECS\Header File</Filter>
    </ClInclude>
    <ClInclude Include="Source\TimeStep.h">
      <Filter>System File\Header File</Filter>
    </ClInclude>
    <ClInclude Include="Source\Collision.h" />
    <ClInclude Include="Source\BoxCollider2D.h" />
    <ClInclude Include="Source\Input.h">
      <Filter>System File\Header File</Filter>
    </ClInclude>
    <ClInclude Include="Source\Button.h">
      <Filter>Entity</Filter>
    </ClInclude>
    <ClInclude Include="Source\Door.h">
      <Filter>Entity</Filter>
    </ClInclude>
    <ClInclude Include="Source\Elevator.h">
      <Filter>Entity</Filter>
    </ClInclude>
  </ItemGroup>
  <ItemGroup>
    <ClCompile Include="Source\AssetManager.cpp">
      <Filter>ECS\Source File</Filter>
    </ClCompile>
    <ClCompile Include="Source\Vertex.cpp">
      <Filter>ECS\Source File</Filter>
    </ClCompile>
    <ClCompile Include="Source\Application.cpp">
      <Filter>ECS\Source File</Filter>
    </ClCompile>
    <ClCompile Include="Source\Engine.cpp">
      <Filter>System File\Source File</Filter>
    </ClCompile>
    <ClCompile Include="Source\EntityManager.cpp">
      <Filter>ECS\Source File</Filter>
    </ClCompile>
    <ClCompile Include="Source\Shader.cpp">
      <Filter>System File\Source File</Filter>
    </ClCompile>
    <ClCompile Include="Source\TestMain.cpp" />
    <ClCompile Include="Source\TestMain.cpp" />
    <ClCompile Include="Source\Camera.cpp">
      <Filter>System File\Source File</Filter>
    </ClCompile>
    <ClCompile Include="Source\TestMain.cpp" />
    <ClCompile Include="Source\TimeStep.cpp">
      <Filter>System File\Source File</Filter>
    </ClCompile>
    <ClCompile Include="Source\Collision.cpp" />
  </ItemGroup>
</Project>